
Microsoft Visual Studio Solution File, Format Version 12.00
# Visual Studio 15
VisualStudioVersion = 15.0.26730.12
MinimumVisualStudioVersion = 10.0.40219.1
Project("{9A19103F-16F7-4668-BE54-9A1E7A4F7556}") = "SimpleEventStorage.Domain", "SimpleEventStorage.Domain\SimpleEventStorage.Domain.csproj", "{93405CEE-32D9-4D28-8428-F116B8EEAC21}"
EndProject
Project("{FAE04EC0-301F-11D3-BF4B-00C04F79EFBC}") = "SimpleEventStorage.Tests", "SimpleEventStorage.Tests\SimpleEventStorage.Tests.csproj", "{857F0442-F17B-4C39-B5AA-F4F7C4C21DEE}"
EndProject
Global
	GlobalSection(SolutionConfigurationPlatforms) = preSolution
		Debug|Any CPU = Debug|Any CPU
		Release|Any CPU = Release|Any CPU
	EndGlobalSection
	GlobalSection(ProjectConfigurationPlatforms) = postSolution
		{93405CEE-32D9-4D28-8428-F116B8EEAC21}.Debug|Any CPU.ActiveCfg = Debug|Any CPU
		{93405CEE-32D9-4D28-8428-F116B8EEAC21}.Debug|Any CPU.Build.0 = Debug|Any CPU
		{93405CEE-32D9-4D28-8428-F116B8EEAC21}.Release|Any CPU.ActiveCfg = Release|Any CPU
		{93405CEE-32D9-4D28-8428-F116B8EEAC21}.Release|Any CPU.Build.0 = Release|Any CPU
		{857F0442-F17B-4C39-B5AA-F4F7C4C21DEE}.Debug|Any CPU.ActiveCfg = Debug|Any CPU
		{857F0442-F17B-4C39-B5AA-F4F7C4C21DEE}.Debug|Any CPU.Build.0 = Debug|Any CPU
		{857F0442-F17B-4C39-B5AA-F4F7C4C21DEE}.Release|Any CPU.ActiveCfg = Release|Any CPU
		{857F0442-F17B-4C39-B5AA-F4F7C4C21DEE}.Release|Any CPU.Build.0 = Release|Any CPU
	EndGlobalSection
	GlobalSection(SolutionProperties) = preSolution
		HideSolutionNode = FALSE
	EndGlobalSection
	GlobalSection(ExtensibilityGlobals) = postSolution
		SolutionGuid = {5C750D4D-DA2A-4A06-AAAD-8B948A6D311E}
	EndGlobalSection
EndGlobal
